
Microsoft Visual Studio Solution File, Format Version 12.00
# Visual Studio Version 17
VisualStudioVersion = 17.5.33424.131
MinimumVisualStudioVersion = 10.0.40219.1
Project("{FAE04EC0-301F-11D3-BF4B-00C04F79EFBC}") = "Revisao-Prova-3Bim", "Revisao-Prova-3Bim.csproj", "{CDC02758-43D6-4408-805D-0FA07189B375}"
EndProject
Project("{FAE04EC0-301F-11D3-BF4B-00C04F79EFBC}") = "Heranca", "..\Heranca\Heranca.csproj", "{B0359A3C-AC45-476F-9BAD-9F2900DAB6A1}"
EndProject
Global
	GlobalSection(SolutionConfigurationPlatforms) = preSolution
		Debug|Any CPU = Debug|Any CPU
		Release|Any CPU = Release|Any CPU
	EndGlobalSection
	GlobalSection(ProjectConfigurationPlatforms) = postSolution
		{CDC02758-43D6-4408-805D-0FA07189B375}.Debug|Any CPU.ActiveCfg = Debug|Any CPU
		{CDC02758-43D6-4408-805D-0FA07189B375}.Debug|Any CPU.Build.0 = Debug|Any CPU
		{CDC02758-43D6-4408-805D-0FA07189B375}.Release|Any CPU.ActiveCfg = Release|Any CPU
		{CDC02758-43D6-4408-805D-0FA07189B375}.Release|Any CPU.Build.0 = Release|Any CPU
		{B0359A3C-AC45-476F-9BAD-9F2900DAB6A1}.Debug|Any CPU.ActiveCfg = Debug|Any CPU
		{B0359A3C-AC45-476F-9BAD-9F2900DAB6A1}.Debug|Any CPU.Build.0 = Debug|Any CPU
		{B0359A3C-AC45-476F-9BAD-9F2900DAB6A1}.Release|Any CPU.ActiveCfg = Release|Any CPU
		{B0359A3C-AC45-476F-9BAD-9F2900DAB6A1}.Release|Any CPU.Build.0 = Release|Any CPU
	EndGlobalSection
	GlobalSection(SolutionProperties) = preSolution
		HideSolutionNode = FALSE
	EndGlobalSection
	GlobalSection(ExtensibilityGlobals) = postSolution
		SolutionGuid = {3B8FEF24-86DB-419E-8152-F4389250E0BD}
	EndGlobalSection
EndGlobal
